
Microsoft Visual Studio Solution File, Format Version 12.00
# Visual Studio Version 17
VisualStudioVersion = 17.9.34723.18
MinimumVisualStudioVersion = 10.0.40219.1
Project("{9A19103F-16F7-4668-BE54-9A1E7A4F7556}") = "LEARN", "LEARN\LEARN.csproj", "{D2CBB2AC-52F9-464D-885A-3041851C2509}"
EndProject
Project("{9A19103F-16F7-4668-BE54-9A1E7A4F7556}") = "LEARN.Test", "LEARN.Test\LEARN.Test.csproj", "{3DC472CB-541F-481F-BF47-43D1E7814B2D}"
EndProject
Project("{9A19103F-16F7-4668-BE54-9A1E7A4F7556}") = "LEARN.Web", "LEARN.Web\LEARN.Web.csproj", "{C21893F9-D406-4CFB-81F3-53E81E3E4E4B}"
EndProject
Project("{FAE04EC0-301F-11D3-BF4B-00C04F79EFBC}") = "LEARN.WF", "LEARN.WF\LEARN.WF.csproj", "{0C8F94DF-AF6F-465B-9EFA-D40B583830F5}"
EndProject
Global
	GlobalSection(SolutionConfigurationPlatforms) = preSolution
		Debug|Any CPU = Debug|Any CPU
		Release|Any CPU = Release|Any CPU
	EndGlobalSection
	GlobalSection(ProjectConfigurationPlatforms) = postSolution
		{D2CBB2AC-52F9-464D-885A-3041851C2509}.Debug|Any CPU.ActiveCfg = Debug|Any CPU
		{D2CBB2AC-52F9-464D-885A-3041851C2509}.Debug|Any CPU.Build.0 = Debug|Any CPU
		{D2CBB2AC-52F9-464D-885A-3041851C2509}.Release|Any CPU.ActiveCfg = Release|Any CPU
		{D2CBB2AC-52F9-464D-885A-3041851C2509}.Release|Any CPU.Build.0 = Release|Any CPU
		{3DC472CB-541F-481F-BF47-43D1E7814B2D}.Debug|Any CPU.ActiveCfg = Debug|Any CPU
		{3DC472CB-541F-481F-BF47-43D1E7814B2D}.Debug|Any CPU.Build.0 = Debug|Any CPU
		{3DC472CB-541F-481F-BF47-43D1E7814B2D}.Release|Any CPU.ActiveCfg = Release|Any CPU
		{3DC472CB-541F-481F-BF47-43D1E7814B2D}.Release|Any CPU.Build.0 = Release|Any CPU
		{C21893F9-D406-4CFB-81F3-53E81E3E4E4B}.Debug|Any CPU.ActiveCfg = Debug|Any CPU
		{C21893F9-D406-4CFB-81F3-53E81E3E4E4B}.Debug|Any CPU.Build.0 = Debug|Any CPU
		{C21893F9-D406-4CFB-81F3-53E81E3E4E4B}.Release|Any CPU.ActiveCfg = Release|Any CPU
		{C21893F9-D406-4CFB-81F3-53E81E3E4E4B}.Release|Any CPU.Build.0 = Release|Any CPU
		{0C8F94DF-AF6F-465B-9EFA-D40B583830F5}.Debug|Any CPU.ActiveCfg = Debug|Any CPU
		{0C8F94DF-AF6F-465B-9EFA-D40B583830F5}.Debug|Any CPU.Build.0 = Debug|Any CPU
		{0C8F94DF-AF6F-465B-9EFA-D40B583830F5}.Release|Any CPU.ActiveCfg = Release|Any CPU
		{0C8F94DF-AF6F-465B-9EFA-D40B583830F5}.Release|Any CPU.Build.0 = Release|Any CPU
	EndGlobalSection
	GlobalSection(SolutionProperties) = preSolution
		HideSolutionNode = FALSE
	EndGlobalSection
	GlobalSection(ExtensibilityGlobals) = postSolution
		SolutionGuid = {7C1C299A-4A43-4CA1-B3FE-08AE3CDB44D1}
	EndGlobalSection
EndGlobal
